
Microsoft Visual Studio Solution File, Format Version 12.00
# Visual Studio Version 17
VisualStudioVersion = 17.0.31919.166
MinimumVisualStudioVersion = 10.0.40219.1
Project("{FAE04EC0-301F-11D3-BF4B-00C04F79EFBC}") = "PersonalExecutionOS", "PersonalExecutionOS.csproj", "{550E8400-E29B-41D4-A716-446655440000}"
EndProject
Global
	GlobalSection(SolutionConfigurationPlatforms) = preSolution
		Debug|Any CPU = Debug|Any CPU
		Release|Any CPU = Release|Any CPU
	EndGlobalSection
	GlobalSection(ProjectConfigurationPlatforms) = postSolution
		{550E8400-E29B-41D4-A716-446655440000}.Debug|Any CPU.ActiveCfg = Debug|net10.0
		{550E8400-E29B-41D4-A716-446655440000}.Debug|Any CPU.Build.0 = Debug|net10.0
		{550E8400-E29B-41D4-A716-446655440000}.Release|Any CPU.ActiveCfg = Release|net10.0
		{550E8400-E29B-41D4-A716-446655440000}.Release|Any CPU.Build.0 = Release|net10.0
	EndGlobalSection
EndGlobal
